
Microsoft Visual Studio Solution File, Format Version 12.00
# Visual Studio Version 17
VisualStudioVersion = 17.10.35013.160
MinimumVisualStudioVersion = 10.0.40219.1
Project("{FAE04EC0-301F-11D3-BF4B-00C04F79EFBC}") = "PruebaGit", "PruebaGit\PruebaGit.csproj", "{CD7508C0-294E-485D-851C-D692AADE9B4E}"
EndProject
Global
	GlobalSection(SolutionConfigurationPlatforms) = preSolution
		Debug|Any CPU = Debug|Any CPU
		Release|Any CPU = Release|Any CPU
	EndGlobalSection
	GlobalSection(ProjectConfigurationPlatforms) = postSolution
		{CD7508C0-294E-485D-851C-D692AADE9B4E}.Debug|Any CPU.ActiveCfg = Debug|Any CPU
		{CD7508C0-294E-485D-851C-D692AADE9B4E}.Debug|Any CPU.Build.0 = Debug|Any CPU
		{CD7508C0-294E-485D-851C-D692AADE9B4E}.Release|Any CPU.ActiveCfg = Release|Any CPU
		{CD7508C0-294E-485D-851C-D692AADE9B4E}.Release|Any CPU.Build.0 = Release|Any CPU
	EndGlobalSection
	GlobalSection(SolutionProperties) = preSolution
		HideSolutionNode = FALSE
	EndGlobalSection
	GlobalSection(ExtensibilityGlobals) = postSolution
		SolutionGuid = {AD86D3C2-75B3-40D8-B39E-F7CC99DF490B}
	EndGlobalSection
EndGlobal
